// !$*UTF8*$!
{
	archiveVersion = 1;
	classes = {
	};
	objectVersion = 46;
	objects = {

/* Begin PBXBuildFile section */
		4638756E1F54047E00E61D69 /* AppDelegate.swift in Sources */ = {isa = PBXBuildFile; fileRef = 4638756D1F54047E00E61D69 /* AppDelegate.swift */; };
		463875701F54047E00E61D69 /* RibbonViewController.swift in Sources */ = {isa = PBXBuildFile; fileRef = 4638756F1F54047E00E61D69 /* RibbonViewController.swift */; };
		463875731F54047E00E61D69 /* Ribbon.storyboard in Resources */ = {isa = PBXBuildFile; fileRef = 463875711F54047E00E61D69 /* Ribbon.storyboard */; };
		463875751F54047E00E61D69 /* Assets.xcassets in Resources */ = {isa = PBXBuildFile; fileRef = 463875741F54047E00E61D69 /* Assets.xcassets */; };
		463875781F54047E00E61D69 /* LaunchScreen.storyboard in Resources */ = {isa = PBXBuildFile; fileRef = 463875761F54047E00E61D69 /* LaunchScreen.storyboard */; };
		463875801F5404DC00E61D69 /* RibbonView.swift in Sources */ = {isa = PBXBuildFile; fileRef = 4638757F1F5404DC00E61D69 /* RibbonView.swift */; };
		463875821F54300200E61D69 /* RibbonCell.swift in Sources */ = {isa = PBXBuildFile; fileRef = 463875811F54300200E61D69 /* RibbonCell.swift */; };
		463875841F54367700E61D69 /* RibbonCell.xib in Resources */ = {isa = PBXBuildFile; fileRef = 463875831F54367700E61D69 /* RibbonCell.xib */; };
		463875861F55BA3200E61D69 /* Main.storyboard in Resources */ = {isa = PBXBuildFile; fileRef = 463875851F55BA3200E61D69 /* Main.storyboard */; };
		463875881F5686A100E61D69 /* Spiral.storyboard in Resources */ = {isa = PBXBuildFile; fileRef = 463875871F5686A100E61D69 /* Spiral.storyboard */; };
		4638758A1F5686BE00E61D69 /* SpiralView.swift in Sources */ = {isa = PBXBuildFile; fileRef = 463875891F5686BE00E61D69 /* SpiralView.swift */; };
		4638758C1F56875000E61D69 /* SpiralViewController.swift in Sources */ = {isa = PBXBuildFile; fileRef = 4638758B1F56875000E61D69 /* SpiralViewController.swift */; };
		881361E71F77605100D74806 /* BubbleViewController.swift in Sources */ = {isa = PBXBuildFile; fileRef = 881361E61F77605100D74806 /* BubbleViewController.swift */; };
		881361E91F77605F00D74806 /* Bubble.storyboard in Resources */ = {isa = PBXBuildFile; fileRef = 881361E81F77605F00D74806 /* Bubble.storyboard */; };
		881361EE1F7765F300D74806 /* BubbleView.swift in Sources */ = {isa = PBXBuildFile; fileRef = 881361ED1F7765F300D74806 /* BubbleView.swift */; };
		881361F01F7A963F00D74806 /* UIColor+Random.swift in Sources */ = {isa = PBXBuildFile; fileRef = 881361EF1F7A963F00D74806 /* UIColor+Random.swift */; };
/* End PBXBuildFile section */

/* Begin PBXFileReference section */
		4638756A1F54047E00E61D69 /* Geometry.app */ = {isa = PBXFileReference; explicitFileType = wrapper.application; includeInIndex = 0; path = Geometry.app; sourceTree = BUILT_PRODUCTS_DIR; };
		4638756D1F54047E00E61D69 /* AppDelegate.swift */ = {isa = PBXFileReference; lastKnownFileType = sourcecode.swift; path = AppDelegate.swift; sourceTree = "<group>"; };
		4638756F1F54047E00E61D69 /* RibbonViewController.swift */ = {isa = PBXFileReference; lastKnownFileType = sourcecode.swift; path = RibbonViewController.swift; sourceTree = "<group>"; };
		463875721F54047E00E61D69 /* Base */ = {isa = PBXFileReference; lastKnownFileType = file.storyboard; name = Base; path = Base.lproj/Ribbon.storyboard; sourceTree = "<group>"; };
		463875741F54047E00E61D69 /* Assets.xcassets */ = {isa = PBXFileReference; lastKnownFileType = folder.assetcatalog; path = Assets.xcassets; sourceTree = "<group>"; };
		463875771F54047E00E61D69 /* Base */ = {isa = PBXFileReference; lastKnownFileType = file.storyboard; name = Base; path = Base.lproj/LaunchScreen.storyboard; sourceTree = "<group>"; };
		463875791F54047E00E61D69 /* Info.plist */ = {isa = PBXFileReference; lastKnownFileType = text.plist.xml; path = Info.plist; sourceTree = "<group>"; };
		4638757F1F5404DC00E61D69 /* RibbonView.swift */ = {isa = PBXFileReference; fileEncoding = 4; lastKnownFileType = sourcecode.swift; path = RibbonView.swift; sourceTree = "<group>"; };
		463875811F54300200E61D69 /* RibbonCell.swift */ = {isa = PBXFileReference; fileEncoding = 4; lastKnownFileType = sourcecode.swift; path = RibbonCell.swift; sourceTree = "<group>"; };
		463875831F54367700E61D69 /* RibbonCell.xib */ = {isa = PBXFileReference; fileEncoding = 4; lastKnownFileType = file.xib; path = RibbonCell.xib; sourceTree = "<group>"; };
		463875851F55BA3200E61D69 /* Main.storyboard */ = {isa = PBXFileReference; fileEncoding = 4; lastKnownFileType = file.storyboard; path = Main.storyboard; sourceTree = "<group>"; };
		463875871F5686A100E61D69 /* Spiral.storyboard */ = {isa = PBXFileReference; fileEncoding = 4; lastKnownFileType = file.storyboard; path = Spiral.storyboard; sourceTree = "<group>"; };
		463875891F5686BE00E61D69 /* SpiralView.swift */ = {isa = PBXFileReference; fileEncoding = 4; lastKnownFileType = sourcecode.swift; path = SpiralView.swift; sourceTree = "<group>"; };
		4638758B1F56875000E61D69 /* SpiralViewController.swift */ = {isa = PBXFileReference; fileEncoding = 4; lastKnownFileType = sourcecode.swift; path = SpiralViewController.swift; sourceTree = "<group>"; };
		881361E61F77605100D74806 /* BubbleViewController.swift */ = {isa = PBXFileReference; lastKnownFileType = sourcecode.swift; path = BubbleViewController.swift; sourceTree = "<group>"; };
		881361E81F77605F00D74806 /* Bubble.storyboard */ = {isa = PBXFileReference; lastKnownFileType = file.storyboard; path = Bubble.storyboard; sourceTree = "<group>"; };
		881361ED1F7765F300D74806 /* BubbleView.swift */ = {isa = PBXFileReference; lastKnownFileType = sourcecode.swift; path = BubbleView.swift; sourceTree = "<group>"; };
		881361EF1F7A963F00D74806 /* UIColor+Random.swift */ = {isa = PBXFileReference; lastKnownFileType = sourcecode.swift; path = "UIColor+Random.swift"; sourceTree = "<group>"; };
/* End PBXFileReference section */

/* Begin PBXFrameworksBuildPhase section */
		463875671F54047E00E61D69 /* Frameworks */ = {
			isa = PBXFrameworksBuildPhase;
			buildActionMask = 2147483647;
			files = (
			);
			runOnlyForDeploymentPostprocessing = 0;
		};
/* End PBXFrameworksBuildPhase section */

/* Begin PBXGroup section */
		463875611F54047E00E61D69 = {
			isa = PBXGroup;
			children = (
				4638756C1F54047E00E61D69 /* Geometry */,
				4638756B1F54047E00E61D69 /* Products */,
			);
			sourceTree = "<group>";
		};
		4638756B1F54047E00E61D69 /* Products */ = {
			isa = PBXGroup;
			children = (
				4638756A1F54047E00E61D69 /* Geometry.app */,
			);
			name = Products;
			sourceTree = "<group>";
		};
		4638756C1F54047E00E61D69 /* Geometry */ = {
			isa = PBXGroup;
			children = (
				881361E51F775FF700D74806 /* Bubble */,
				881361E41F775FE200D74806 /* Spiral */,
				881361E31F775FC000D74806 /* Ribbon */,
				4638756D1F54047E00E61D69 /* AppDelegate.swift */,
				463875741F54047E00E61D69 /* Assets.xcassets */,
				463875791F54047E00E61D69 /* Info.plist */,
				463875761F54047E00E61D69 /* LaunchScreen.storyboard */,
				463875851F55BA3200E61D69 /* Main.storyboard */,
			);
			path = Geometry;
			sourceTree = "<group>";
		};
		881361E31F775FC000D74806 /* Ribbon */ = {
			isa = PBXGroup;
			children = (
				463875711F54047E00E61D69 /* Ribbon.storyboard */,
				463875811F54300200E61D69 /* RibbonCell.swift */,
				463875831F54367700E61D69 /* RibbonCell.xib */,
				4638757F1F5404DC00E61D69 /* RibbonView.swift */,
				4638756F1F54047E00E61D69 /* RibbonViewController.swift */,
			);
			path = Ribbon;
			sourceTree = "<group>";
		};
		881361E41F775FE200D74806 /* Spiral */ = {
			isa = PBXGroup;
			children = (
				463875871F5686A100E61D69 /* Spiral.storyboard */,
				463875891F5686BE00E61D69 /* SpiralView.swift */,
				4638758B1F56875000E61D69 /* SpiralViewController.swift */,
			);
			path = Spiral;
			sourceTree = "<group>";
		};
		881361E51F775FF700D74806 /* Bubble */ = {
			isa = PBXGroup;
			children = (
				881361E61F77605100D74806 /* BubbleViewController.swift */,
				881361E81F77605F00D74806 /* Bubble.storyboard */,
				881361ED1F7765F300D74806 /* BubbleView.swift */,
				881361EF1F7A963F00D74806 /* UIColor+Random.swift */,
			);
			path = Bubble;
			sourceTree = "<group>";
		};
/* End PBXGroup section */

/* Begin PBXNativeTarget section */
		463875691F54047E00E61D69 /* Geometry */ = {
			isa = PBXNativeTarget;
			buildConfigurationList = 4638757C1F54047E00E61D69 /* Build configuration list for PBXNativeTarget "Geometry" */;
			buildPhases = (
				463875661F54047E00E61D69 /* Sources */,
				463875671F54047E00E61D69 /* Frameworks */,
				463875681F54047E00E61D69 /* Resources */,
			);
			buildRules = (
			);
			dependencies = (
			);
			name = Geometry;
			productName = Geometry;
			productReference = 4638756A1F54047E00E61D69 /* Geometry.app */;
			productType = "com.apple.product-type.application";
		};
/* End PBXNativeTarget section */

/* Begin PBXProject section */
		463875621F54047E00E61D69 /* Project object */ = {
			isa = PBXProject;
			attributes = {
				LastSwiftUpdateCheck = 0830;
				LastUpgradeCheck = 0830;
				ORGANIZATIONNAME = Yoshimi;
				TargetAttributes = {
					463875691F54047E00E61D69 = {
						CreatedOnToolsVersion = 8.3.2;
						DevelopmentTeam = PBPJF6E2G5;
						ProvisioningStyle = Automatic;
					};
				};
			};
			buildConfigurationList = 463875651F54047E00E61D69 /* Build configuration list for PBXProject "Geometry" */;
			compatibilityVersion = "Xcode 3.2";
			developmentRegion = English;
			hasScannedForEncodings = 0;
			knownRegions = (
				en,
				Base,
			);
			mainGroup = 463875611F54047E00E61D69;
			productRefGroup = 4638756B1F54047E00E61D69 /* Products */;
			projectDirPath = "";
			projectRoot = "";
			targets = (
				463875691F54047E00E61D69 /* Geometry */,
			);
		};
/* End PBXProject section */

/* Begin PBXResourcesBuildPhase section */
		463875681F54047E00E61D69 /* Resources */ = {
			isa = PBXResourcesBuildPhase;
			buildActionMask = 2147483647;
			files = (
				463875781F54047E00E61D69 /* LaunchScreen.storyboard in Resources */,
				463875861F55BA3200E61D69 /* Main.storyboard in Resources */,
				463875751F54047E00E61D69 /* Assets.xcassets in Resources */,
				463875731F54047E00E61D69 /* Ribbon.storyboard in Resources */,
				881361E91F77605F00D74806 /* Bubble.storyboard in Resources */,
				463875841F54367700E61D69 /* RibbonCell.xib in Resources */,
				463875881F5686A100E61D69 /* Spiral.storyboard in Resources */,
			);
			runOnlyForDeploymentPostprocessing = 0;
		};
/* End PBXResourcesBuildPhase section */

/* Begin PBXSourcesBuildPhase section */
		463875661F54047E00E61D69 /* Sources */ = {
			isa = PBXSourcesBuildPhase;
			buildActionMask = 2147483647;
			files = (
				463875701F54047E00E61D69 /* RibbonViewController.swift in Sources */,
				4638758C1F56875000E61D69 /* SpiralViewController.swift in Sources */,
				881361EE1F7765F300D74806 /* BubbleView.swift in Sources */,
				4638756E1F54047E00E61D69 /* AppDelegate.swift in Sources */,
				881361F01F7A963F00D74806 /* UIColor+Random.swift in Sources */,
				463875801F5404DC00E61D69 /* RibbonView.swift in Sources */,
				4638758A1F5686BE00E61D69 /* SpiralView.swift in Sources */,
				881361E71F77605100D74806 /* BubbleViewController.swift in Sources */,
				463875821F54300200E61D69 /* RibbonCell.swift in Sources */,
			);
			runOnlyForDeploymentPostprocessing = 0;
		};
/* End PBXSourcesBuildPhase section */

/* Begin PBXVariantGroup section */
		463875711F54047E00E61D69 /* Ribbon.storyboard */ = {
			isa = PBXVariantGroup;
			children = (
				463875721F54047E00E61D69 /* Base */,
			);
			name = Ribbon.storyboard;
			sourceTree = "<group>";
		};
		463875761F54047E00E61D69 /* LaunchScreen.storyboard */ = {
			isa = PBXVariantGroup;
			children = (
				463875771F54047E00E61D69 /* Base */,
			);
			name = LaunchScreen.storyboard;
			sourceTree = "<group>";
		};
/* End PBXVariantGroup section */

/* Begin XCBuildConfiguration section */
		4638757A1F54047E00E61D69 /* Debug */ = {
			isa = XCBuildConfiguration;
			buildSettings = {
				ALWAYS_SEARCH_USER_PATHS = NO;
				CLANG_ANALYZER_NONNULL = YES;
				CLANG_ANALYZER_NUMBER_OBJECT_CONVERSION = YES_AGGRESSIVE;
				CLANG_CXX_LANGUAGE_STANDARD = "gnu++0x";
				CLANG_CXX_LIBRARY = "libc++";
				CLANG_ENABLE_MODULES = YES;
				CLANG_ENABLE_OBJC_ARC = YES;
				CLANG_WARN_BOOL_CONVERSION = YES;
				CLANG_WARN_CONSTANT_CONVERSION = YES;
				CLANG_WARN_DIRECT_OBJC_ISA_USAGE = YES_ERROR;
				CLANG_WARN_DOCUMENTATION_COMMENTS = YES;
				CLANG_WARN_EMPTY_BODY = YES;
				CLANG_WARN_ENUM_CONVERSION = YES;
				CLANG_WARN_INFINITE_RECURSION = YES;
				CLANG_WARN_INT_CONVERSION = YES;
				CLANG_WARN_OBJC_ROOT_CLASS = YES_ERROR;
				CLANG_WARN_SUSPICIOUS_MOVE = YES;
				CLANG_WARN_UNREACHABLE_CODE = YES;
				CLANG_WARN__DUPLICATE_METHOD_MATCH = YES;
				"CODE_SIGN_IDENTITY[sdk=iphoneos*]" = "iPhone Developer";
				COPY_PHASE_STRIP = NO;
				DEBUG_INFORMATION_FORMAT = dwarf;
				ENABLE_STRICT_OBJC_MSGSEND = YES;
				ENABLE_TESTABILITY = YES;
				GCC_C_LANGUAGE_STANDARD = gnu99;
				GCC_DYNAMIC_NO_PIC = NO;
				GCC_NO_COMMON_BLOCKS = YES;
				GCC_OPTIMIZATION_LEVEL = 0;
				GCC_PREPROCESSOR_DEFINITIONS = (
					"DEBUG=1",
					"$(inherited)",
				);
				GCC_WARN_64_TO_32_BIT_CONVERSION = YES;
				GCC_WARN_ABOUT_RETURN_TYPE = YES_ERROR;
				GCC_WARN_UNDECLARED_SELECTOR = YES;
				GCC_WARN_UNINITIALIZED_AUTOS = YES_AGGRESSIVE;
				GCC_WARN_UNUSED_FUNCTION = YES;
				GCC_WARN_UNUSED_VARIABLE = YES;
				IPHONEOS_DEPLOYMENT_TARGET = 10.3;
				MTL_ENABLE_DEBUG_INFO = YES;
				ONLY_ACTIVE_ARCH = YES;
				SDKROOT = iphoneos;
				SWIFT_ACTIVE_COMPILATION_CONDITIONS = DEBUG;
				SWIFT_OPTIMIZATION_LEVEL = "-Onone";
				TARGETED_DEVICE_FAMILY = "1,2";
			};
			name = Debug;
		};
		4638757B1F54047E00E61D69 /* Release */ = {
			isa = XCBuildConfiguration;
			buildSettings = {
				ALWAYS_SEARCH_USER_PATHS = NO;
				CLANG_ANALYZER_NONNULL = YES;
				CLANG_ANALYZER_NUMBER_OBJECT_CONVERSION = YES_AGGRESSIVE;
				CLANG_CXX_LANGUAGE_STANDARD = "gnu++0x";
				CLANG_CXX_LIBRARY = "libc++";
				CLANG_ENABLE_MODULES = YES;
				CLANG_ENABLE_OBJC_ARC = YES;
				CLANG_WARN_BOOL_CONVERSION = YES;
				CLANG_WARN_CONSTANT_CONVERSION = YES;
				CLANG_WARN_DIRECT_OBJC_ISA_USAGE = YES_ERROR;
				CLANG_WARN_DOCUMENTATION_COMMENTS = YES;
				CLANG_WARN_EMPTY_BODY = YES;
				CLANG_WARN_ENUM_CONVERSION = YES;
				CLANG_WARN_INFINITE_RECURSION = YES;
				CLANG_WARN_INT_CONVERSION = YES;
				CLANG_WARN_OBJC_ROOT_CLASS = YES_ERROR;
				CLANG_WARN_SUSPICIOUS_MOVE = YES;
				CLANG_WARN_UNREACHABLE_CODE = YES;
				CLANG_WARN__DUPLICATE_METHOD_MATCH = YES;
				"CODE_SIGN_IDENTITY[sdk=iphoneos*]" = "iPhone Developer";
				COPY_PHASE_STRIP = NO;
				DEBUG_INFORMATION_FORMAT = "dwarf-with-dsym";
				ENABLE_NS_ASSERTIONS = NO;
				ENABLE_STRICT_OBJC_MSGSEND = YES;
				GCC_C_LANGUAGE_STANDARD = gnu99;
				GCC_NO_COMMON_BLOCKS = YES;
				GCC_WARN_64_TO_32_BIT_CONVERSION = YES;
				GCC_WARN_ABOUT_RETURN_TYPE = YES_ERROR;
				GCC_WARN_UNDECLARED_SELECTOR = YES;
				GCC_WARN_UNINITIALIZED_AUTOS = YES_AGGRESSIVE;
				GCC_WARN_UNUSED_FUNCTION = YES;
				GCC_WARN_UNUSED_VARIABLE = YES;
				IPHONEOS_DEPLOYMENT_TARGET = 10.3;
				MTL_ENABLE_DEBUG_INFO = NO;
				SDKROOT = iphoneos;
				SWIFT_OPTIMIZATION_LEVEL = "-Owholemodule";
				TARGETED_DEVICE_FAMILY = "1,2";
				VALIDATE_PRODUCT = YES;
			};
			name = Release;
		};
		4638757D1F54047E00E61D69 /* Debug */ = {
			isa = XCBuildConfiguration;
			buildSettings = {
				ASSETCATALOG_COMPILER_APPICON_NAME = AppIcon;
				DEVELOPMENT_TEAM = PBPJF6E2G5;
				INFOPLIST_FILE = Geometry/Info.plist;
				LD_RUNPATH_SEARCH_PATHS = "$(inherited) @executable_path/Frameworks";
				PRODUCT_BUNDLE_IDENTIFIER = jp.co.Geometry;
				PRODUCT_NAME = "$(TARGET_NAME)";
				SWIFT_VERSION = 3.0;
			};
			name = Debug;
		};
		4638757E1F54047E00E61D69 /* Release */ = {
			isa = XCBuildConfiguration;
			buildSettings = {
				ASSETCATALOG_COMPILER_APPICON_NAME = AppIcon;
				DEVELOPMENT_TEAM = PBPJF6E2G5;
				INFOPLIST_FILE = Geometry/Info.plist;
				LD_RUNPATH_SEARCH_PATHS = "$(inherited) @executable_path/Frameworks";
				PRODUCT_BUNDLE_IDENTIFIER = jp.co.Geometry;
				PRODUCT_NAME = "$(TARGET_NAME)";
				SWIFT_VERSION = 3.0;
			};
			name = Release;
		};
/* End XCBuildConfiguration section */

/* Begin XCConfigurationList section */
		463875651F54047E00E61D69 /* Build configuration list for PBXProject "Geometry" */ = {
			isa = XCConfigurationList;
			buildConfigurations = (
				4638757A1F54047E00E61D69 /* Debug */,
				4638757B1F54047E00E61D69 /* Release */,
			);
			defaultConfigurationIsVisible = 0;
			defaultConfigurationName = Release;
		};
		4638757C1F54047E00E61D69 /* Build configuration list for PBXNativeTarget "Geometry" */ = {
			isa = XCConfigurationList;
			buildConfigurations = (
				4638757D1F54047E00E61D69 /* Debug */,
				4638757E1F54047E00E61D69 /* Release */,
			);
			defaultConfigurationIsVisible = 0;
			defaultConfigurationName = Release;
		};
/* End XCConfigurationList section */
	};
	rootObject = 463875621F54047E00E61D69 /* Project object */;
}
